Microsoft Visual Studio Solution File, Format Version 11.00
# Visual Studio 2008

Project("{E4932980-6176-1236-C96B-02EA6AA8A2AD}") = "wahoo", "Assembly-CSharp-vs.csproj", "{10E4C1BE-B2BB-A985-6800-AD8042EBCEBB}"
EndProject
Global
	GlobalSection(SolutionConfigurationPlatforms) = preSolution
		Debug|Any CPU = Debug|Any CPU
		Release|Any CPU = Release|Any CPU
	EndGlobalSection
	GlobalSection(ProjectConfigurationPlatforms) = postSolution
		{10E4C1BE-B2BB-A985-6800-AD8042EBCEBB}.Debug|Any CPU.ActiveCfg = Debug|Any CPU
		{10E4C1BE-B2BB-A985-6800-AD8042EBCEBB}.Debug|Any CPU.Build.0 = Debug|Any CPU
		{10E4C1BE-B2BB-A985-6800-AD8042EBCEBB}.Release|Any CPU.ActiveCfg = Release|Any CPU
		{10E4C1BE-B2BB-A985-6800-AD8042EBCEBB}.Release|Any CPU.Build.0 = Release|Any CPU
	EndGlobalSection
	GlobalSection(SolutionProperties) = preSolution
		HideSolutionNode = FALSE
	EndGlobalSection
										GlobalSection(MonoDevelopProperties) = preSolution
		StartupItem = Assembly-CSharp.csproj
		Policies = $0
		$0.TextStylePolicy = $1
		$1.inheritsSet = null
		$1.scope = text/x-csharp
		$0.CSharpFormattingPolicy = $2
		$2.inheritsSet = Mono
		$2.inheritsScope = text/x-csharp
		$2.scope = text/x-csharp
		$0.TextStylePolicy = $3
		$3.FileWidth = 120
		$3.TabWidth = 4
		$3.IndentWidth = 4
		$3.EolMarker = Unix
		$3.inheritsSet = Mono
		$3.inheritsScope = text/plain
		$3.scope = text/plain
	EndGlobalSection

EndGlobal
